// !$*UTF8*$!
{
	archiveVersion = 1;
	classes = {
	};
	objectVersion = 48;
	objects = {

/* Begin PBXBuildFile section */
		6F14DED91F9A285B006825B3 /* ActionViewController.swift in Sources */ = {isa = PBXBuildFile; fileRef = 6F14DED81F9A285B006825B3 /* ActionViewController.swift */; };
		6F14DEDC1F9A285B006825B3 /* MainInterface.storyboard in Resources */ = {isa = PBXBuildFile; fileRef = 6F14DEDA1F9A285B006825B3 /* MainInterface.storyboard */; };
		6F14DEE01F9A285B006825B3 /* OpenContact.appex in Embed App Extensions */ = {isa = PBXBuildFile; fileRef = 6F14DED61F9A285B006825B3 /* OpenContact.appex */; settings = {ATTRIBUTES = (RemoveHeadersOnCopy, ); }; };
		6F14DEE51F9A291B006825B3 /* APIHandler.swift in Sources */ = {isa = PBXBuildFile; fileRef = 6F14DEE41F9A291B006825B3 /* APIHandler.swift */; };
		6F14DEE71F9A2938006825B3 /* APIs.swift in Sources */ = {isa = PBXBuildFile; fileRef = 6F14DEE61F9A2938006825B3 /* APIs.swift */; };
		6F14DEEB1F9A48A0006825B3 /* PhoneNumbers.swift in Sources */ = {isa = PBXBuildFile; fileRef = 6F14DEEA1F9A48A0006825B3 /* PhoneNumbers.swift */; };
		6F1F9FD91F94FE08006C473E /* AppDelegate.swift in Sources */ = {isa = PBXBuildFile; fileRef = 6F1F9FD81F94FE08006C473E /* AppDelegate.swift */; };
		6F1F9FDB1F94FE08006C473E /* ViewController.swift in Sources */ = {isa = PBXBuildFile; fileRef = 6F1F9FDA1F94FE08006C473E /* ViewController.swift */; };
		6F1F9FDE1F94FE08006C473E /* Main.storyboard in Resources */ = {isa = PBXBuildFile; fileRef = 6F1F9FDC1F94FE08006C473E /* Main.storyboard */; };
		6F1F9FE01F94FE08006C473E /* Assets.xcassets in Resources */ = {isa = PBXBuildFile; fileRef = 6F1F9FDF1F94FE08006C473E /* Assets.xcassets */; };
		6F1F9FE31F94FE08006C473E /* LaunchScreen.storyboard in Resources */ = {isa = PBXBuildFile; fileRef = 6F1F9FE11F94FE08006C473E /* LaunchScreen.storyboard */; };
		6F2F1D151FA9EFB600393981 /* SettingsViewController.swift in Sources */ = {isa = PBXBuildFile; fileRef = 6F2F1D141FA9EFB600393981 /* SettingsViewController.swift */; };
		6F41712F1F9E2CB600C0E973 /* CardView.swift in Sources */ = {isa = PBXBuildFile; fileRef = 6F41712E1F9E2CB600C0E973 /* CardView.swift */; };
		6F6B71911F9E1E6B00B502D7 /* CardView.xib in Resources */ = {isa = PBXBuildFile; fileRef = 6F6B71901F9E1E6B00B502D7 /* CardView.xib */; };
		6F70D2AE1F987B930016967D /* Callers.swift in Sources */ = {isa = PBXBuildFile; fileRef = 6F70D2AD1F987B930016967D /* Callers.swift */; };
		6F8A39FA1FA7497E00A8FB8C /* Hudis.xcdatamodeld in Sources */ = {isa = PBXBuildFile; fileRef = 6F8A39F81FA7497E00A8FB8C /* Hudis.xcdatamodeld */; };
		6FA7915F1F97984200D664C4 /* CallDirectoryHandler.swift in Sources */ = {isa = PBXBuildFile; fileRef = 6FA7915E1F97984200D664C4 /* CallDirectoryHandler.swift */; };
		6FA791631F97984200D664C4 /* Directory.appex in Embed App Extensions */ = {isa = PBXBuildFile; fileRef = 6FA7915C1F97984200D664C4 /* Directory.appex */; settings = {ATTRIBUTES = (RemoveHeadersOnCopy, ); }; };
		6FF35CA71F9B237E005CEE68 /* SwissAPIKey.txt in Resources */ = {isa = PBXBuildFile; fileRef = 6FF35CA61F9B237E005CEE68 /* SwissAPIKey.txt */; };
/* End PBXBuildFile section */

/* Begin PBXContainerItemProxy section */
		6F14DEDE1F9A285B006825B3 /* PBXContainerItemProxy */ = {
			isa = PBXContainerItemProxy;
			containerPortal = 6F1F9FCD1F94FE08006C473E /* Project object */;
			proxyType = 1;
			remoteGlobalIDString = 6F14DED51F9A285B006825B3;
			remoteInfo = OpenContact;
		};
		6FA791611F97984200D664C4 /* PBXContainerItemProxy */ = {
			isa = PBXContainerItemProxy;
			containerPortal = 6F1F9FCD1F94FE08006C473E /* Project object */;
			proxyType = 1;
			remoteGlobalIDString = 6FA7915B1F97984200D664C4;
			remoteInfo = Directory;
		};
/* End PBXContainerItemProxy section */

/* Begin PBXCopyFilesBuildPhase section */
		6FA791671F97984200D664C4 /* Embed App Extensions */ = {
			isa = PBXCopyFilesBuildPhase;
			buildActionMask = 2147483647;
			dstPath = "";
			dstSubfolderSpec = 13;
			files = (
				6FA791631F97984200D664C4 /* Directory.appex in Embed App Extensions */,
				6F14DEE01F9A285B006825B3 /* OpenContact.appex in Embed App Extensions */,
			);
			name = "Embed App Extensions";
			runOnlyForDeploymentPostprocessing = 0;
		};
/* End PBXCopyFilesBuildPhase section */

/* Begin PBXFileReference section */
		6F14DED61F9A285B006825B3 /* OpenContact.appex */ = {isa = PBXFileReference; explicitFileType = "wrapper.app-extension"; includeInIndex = 0; path = OpenContact.appex; sourceTree = BUILT_PRODUCTS_DIR; };
		6F14DED81F9A285B006825B3 /* ActionViewController.swift */ = {isa = PBXFileReference; lastKnownFileType = sourcecode.swift; path = ActionViewController.swift; sourceTree = "<group>"; };
		6F14DEDB1F9A285B006825B3 /* Base */ = {isa = PBXFileReference; lastKnownFileType = file.storyboard; name = Base; path = Base.lproj/MainInterface.storyboard; sourceTree = "<group>"; };
		6F14DEDD1F9A285B006825B3 /* Info.plist */ = {isa = PBXFileReference; lastKnownFileType = text.plist.xml; path = Info.plist; sourceTree = "<group>"; };
		6F14DEE41F9A291B006825B3 /* APIHandler.swift */ = {isa = PBXFileReference; lastKnownFileType = sourcecode.swift; path = APIHandler.swift; sourceTree = "<group>"; };
		6F14DEE61F9A2938006825B3 /* APIs.swift */ = {isa = PBXFileReference; lastKnownFileType = sourcecode.swift; path = APIs.swift; sourceTree = "<group>"; };
		6F14DEEA1F9A48A0006825B3 /* PhoneNumbers.swift */ = {isa = PBXFileReference; lastKnownFileType = sourcecode.swift; path = PhoneNumbers.swift; sourceTree = "<group>"; };
		6F1F9FD51F94FE08006C473E /* Hudis.app */ = {isa = PBXFileReference; explicitFileType = wrapper.application; includeInIndex = 0; path = Hudis.app; sourceTree = BUILT_PRODUCTS_DIR; };
		6F1F9FD81F94FE08006C473E /* AppDelegate.swift */ = {isa = PBXFileReference; lastKnownFileType = sourcecode.swift; path = AppDelegate.swift; sourceTree = "<group>"; };
		6F1F9FDA1F94FE08006C473E /* ViewController.swift */ = {isa = PBXFileReference; lastKnownFileType = sourcecode.swift; path = ViewController.swift; sourceTree = "<group>"; };
		6F1F9FDD1F94FE08006C473E /* Base */ = {isa = PBXFileReference; lastKnownFileType = file.storyboard; name = Base; path = Base.lproj/Main.storyboard; sourceTree = "<group>"; };
		6F1F9FDF1F94FE08006C473E /* Assets.xcassets */ = {isa = PBXFileReference; lastKnownFileType = folder.assetcatalog; path = Assets.xcassets; sourceTree = "<group>"; };
		6F1F9FE21F94FE08006C473E /* Base */ = {isa = PBXFileReference; lastKnownFileType = file.storyboard; name = Base; path = Base.lproj/LaunchScreen.storyboard; sourceTree = "<group>"; };
		6F1F9FE41F94FE08006C473E /* Info.plist */ = {isa = PBXFileReference; lastKnownFileType = text.plist.xml; path = Info.plist; sourceTree = "<group>"; };
		6F2F1D141FA9EFB600393981 /* SettingsViewController.swift */ = {isa = PBXFileReference; lastKnownFileType = sourcecode.swift; path = SettingsViewController.swift; sourceTree = "<group>"; };
		6F41712E1F9E2CB600C0E973 /* CardView.swift */ = {isa = PBXFileReference; lastKnownFileType = sourcecode.swift; path = CardView.swift; sourceTree = "<group>"; };
		6F6B71901F9E1E6B00B502D7 /* CardView.xib */ = {isa = PBXFileReference; lastKnownFileType = file.xib; path = CardView.xib; sourceTree = "<group>"; };
		6F70D2AD1F987B930016967D /* Callers.swift */ = {isa = PBXFileReference; lastKnownFileType = sourcecode.swift; path = Callers.swift; sourceTree = "<group>"; };
		6F8A39F91FA7497E00A8FB8C /* Hudis.xcdatamodel */ = {isa = PBXFileReference; lastKnownFileType = wrapper.xcdatamodel; path = Hudis.xcdatamodel; sourceTree = "<group>"; };
		6FA7915C1F97984200D664C4 /* Directory.appex */ = {isa = PBXFileReference; explicitFileType = "wrapper.app-extension"; includeInIndex = 0; path = Directory.appex; sourceTree = BUILT_PRODUCTS_DIR; };
		6FA7915E1F97984200D664C4 /* CallDirectoryHandler.swift */ = {isa = PBXFileReference; lastKnownFileType = sourcecode.swift; path = CallDirectoryHandler.swift; sourceTree = "<group>"; };
		6FA791601F97984200D664C4 /* Info.plist */ = {isa = PBXFileReference; lastKnownFileType = text.plist.xml; path = Info.plist; sourceTree = "<group>"; };
		6FF35CA61F9B237E005CEE68 /* SwissAPIKey.txt */ = {isa = PBXFileReference; lastKnownFileType = text; path = SwissAPIKey.txt; sourceTree = "<group>"; };
/* End PBXFileReference section */

/* Begin PBXFrameworksBuildPhase section */
		6F14DED31F9A285B006825B3 /* Frameworks */ = {
			isa = PBXFrameworksBuildPhase;
			buildActionMask = 2147483647;
			files = (
			);
			runOnlyForDeploymentPostprocessing = 0;
		};
		6F1F9FD21F94FE08006C473E /* Frameworks */ = {
			isa = PBXFrameworksBuildPhase;
			buildActionMask = 2147483647;
			files = (
			);
			runOnlyForDeploymentPostprocessing = 0;
		};
		6FA791591F97984200D664C4 /* Frameworks */ = {
			isa = PBXFrameworksBuildPhase;
			buildActionMask = 2147483647;
			files = (
			);
			runOnlyForDeploymentPostprocessing = 0;
		};
/* End PBXFrameworksBuildPhase section */

/* Begin PBXGroup section */
		6F14DED71F9A285B006825B3 /* OpenContact */ = {
			isa = PBXGroup;
			children = (
				6F14DED81F9A285B006825B3 /* ActionViewController.swift */,
				6F14DEDA1F9A285B006825B3 /* MainInterface.storyboard */,
				6F14DEDD1F9A285B006825B3 /* Info.plist */,
			);
			path = OpenContact;
			sourceTree = "<group>";
		};
		6F14DEE81F9A2942006825B3 /* APIs */ = {
			isa = PBXGroup;
			children = (
				6FF35CA31F9B22FA005CEE68 /* Keys */,
				6F14DEE41F9A291B006825B3 /* APIHandler.swift */,
				6F14DEE61F9A2938006825B3 /* APIs.swift */,
			);
			path = APIs;
			sourceTree = "<group>";
		};
		6F14DEE91F9A296B006825B3 /* Classes */ = {
			isa = PBXGroup;
			children = (
				6F70D2AD1F987B930016967D /* Callers.swift */,
				6F14DEEA1F9A48A0006825B3 /* PhoneNumbers.swift */,
			);
			path = Classes;
			sourceTree = "<group>";
		};
		6F1F9FCC1F94FE08006C473E = {
			isa = PBXGroup;
			children = (
				6F8A39F81FA7497E00A8FB8C /* Hudis.xcdatamodeld */,
				6F1F9FD71F94FE08006C473E /* Hudis */,
				6FA7915D1F97984200D664C4 /* Directory */,
				6F14DED71F9A285B006825B3 /* OpenContact */,
				6F1F9FD61F94FE08006C473E /* Products */,
			);
			sourceTree = "<group>";
		};
		6F1F9FD61F94FE08006C473E /* Products */ = {
			isa = PBXGroup;
			children = (
				6F1F9FD51F94FE08006C473E /* Hudis.app */,
				6FA7915C1F97984200D664C4 /* Directory.appex */,
				6F14DED61F9A285B006825B3 /* OpenContact.appex */,
			);
			name = Products;
			sourceTree = "<group>";
		};
		6F1F9FD71F94FE08006C473E /* Hudis */ = {
			isa = PBXGroup;
			children = (
				6F1F9FE41F94FE08006C473E /* Info.plist */,
				6F1F9FD81F94FE08006C473E /* AppDelegate.swift */,
				6F1F9FE11F94FE08006C473E /* LaunchScreen.storyboard */,
				6F1F9FDC1F94FE08006C473E /* Main.storyboard */,
				6F1F9FDA1F94FE08006C473E /* ViewController.swift */,
				6F2F1D141FA9EFB600393981 /* SettingsViewController.swift */,
				6F1F9FDF1F94FE08006C473E /* Assets.xcassets */,
				6F6B71901F9E1E6B00B502D7 /* CardView.xib */,
				6F41712E1F9E2CB600C0E973 /* CardView.swift */,
				6F14DEE91F9A296B006825B3 /* Classes */,
				6F14DEE81F9A2942006825B3 /* APIs */,
			);
			path = Hudis;
			sourceTree = "<group>";
		};
		6FA7915D1F97984200D664C4 /* Directory */ = {
			isa = PBXGroup;
			children = (
				6FA7915E1F97984200D664C4 /* CallDirectoryHandler.swift */,
				6FA791601F97984200D664C4 /* Info.plist */,
			);
			path = Directory;
			sourceTree = "<group>";
		};
		6FF35CA31F9B22FA005CEE68 /* Keys */ = {
			isa = PBXGroup;
			children = (
				6FF35CA61F9B237E005CEE68 /* SwissAPIKey.txt */,
			);
			path = Keys;
			sourceTree = "<group>";
		};
/* End PBXGroup section */

/* Begin PBXNativeTarget section */
		6F14DED51F9A285B006825B3 /* OpenContact */ = {
			isa = PBXNativeTarget;
			buildConfigurationList = 6F14DEE11F9A285B006825B3 /* Build configuration list for PBXNativeTarget "OpenContact" */;
			buildPhases = (
				6F14DED21F9A285B006825B3 /* Sources */,
				6F14DED31F9A285B006825B3 /* Frameworks */,
				6F14DED41F9A285B006825B3 /* Resources */,
			);
			buildRules = (
			);
			dependencies = (
			);
			name = OpenContact;
			productName = OpenContact;
			productReference = 6F14DED61F9A285B006825B3 /* OpenContact.appex */;
			productType = "com.apple.product-type.app-extension";
		};
		6F1F9FD41F94FE08006C473E /* Hudis */ = {
			isa = PBXNativeTarget;
			buildConfigurationList = 6F1F9FE71F94FE08006C473E /* Build configuration list for PBXNativeTarget "Hudis" */;
			buildPhases = (
				6F1F9FD11F94FE08006C473E /* Sources */,
				6F1F9FD21F94FE08006C473E /* Frameworks */,
				6F1F9FD31F94FE08006C473E /* Resources */,
				6FA791671F97984200D664C4 /* Embed App Extensions */,
			);
			buildRules = (
			);
			dependencies = (
				6FA791621F97984200D664C4 /* PBXTargetDependency */,
				6F14DEDF1F9A285B006825B3 /* PBXTargetDependency */,
			);
			name = Hudis;
			productName = Hudis;
			productReference = 6F1F9FD51F94FE08006C473E /* Hudis.app */;
			productType = "com.apple.product-type.application";
		};
		6FA7915B1F97984200D664C4 /* Directory */ = {
			isa = PBXNativeTarget;
			buildConfigurationList = 6FA791661F97984200D664C4 /* Build configuration list for PBXNativeTarget "Directory" */;
			buildPhases = (
				6FA791581F97984200D664C4 /* Sources */,
				6FA791591F97984200D664C4 /* Frameworks */,
				6FA7915A1F97984200D664C4 /* Resources */,
			);
			buildRules = (
			);
			dependencies = (
			);
			name = Directory;
			productName = Directory;
			productReference = 6FA7915C1F97984200D664C4 /* Directory.appex */;
			productType = "com.apple.product-type.app-extension";
		};
/* End PBXNativeTarget section */

/* Begin PBXProject section */
		6F1F9FCD1F94FE08006C473E /* Project object */ = {
			isa = PBXProject;
			attributes = {
				LastSwiftUpdateCheck = 0900;
				LastUpgradeCheck = 0900;
				ORGANIZATIONNAME = "Lukas Bühler";
				TargetAttributes = {
					6F14DED51F9A285B006825B3 = {
						CreatedOnToolsVersion = 9.0.1;
						ProvisioningStyle = Automatic;
					};
					6F1F9FD41F94FE08006C473E = {
						CreatedOnToolsVersion = 9.0;
						ProvisioningStyle = Automatic;
					};
					6FA7915B1F97984200D664C4 = {
						CreatedOnToolsVersion = 9.0;
						ProvisioningStyle = Automatic;
					};
				};
			};
			buildConfigurationList = 6F1F9FD01F94FE08006C473E /* Build configuration list for PBXProject "Hudis" */;
			compatibilityVersion = "Xcode 8.0";
			developmentRegion = en;
			hasScannedForEncodings = 0;
			knownRegions = (
				en,
				Base,
			);
			mainGroup = 6F1F9FCC1F94FE08006C473E;
			productRefGroup = 6F1F9FD61F94FE08006C473E /* Products */;
			projectDirPath = "";
			projectRoot = "";
			targets = (
				6F1F9FD41F94FE08006C473E /* Hudis */,
				6FA7915B1F97984200D664C4 /* Directory */,
				6F14DED51F9A285B006825B3 /* OpenContact */,
			);
		};
/* End PBXProject section */

/* Begin PBXResourcesBuildPhase section */
		6F14DED41F9A285B006825B3 /* Resources */ = {
			isa = PBXResourcesBuildPhase;
			buildActionMask = 2147483647;
			files = (
				6F14DEDC1F9A285B006825B3 /* MainInterface.storyboard in Resources */,
			);
			runOnlyForDeploymentPostprocessing = 0;
		};
		6F1F9FD31F94FE08006C473E /* Resources */ = {
			isa = PBXResourcesBuildPhase;
			buildActionMask = 2147483647;
			files = (
				6F1F9FE31F94FE08006C473E /* LaunchScreen.storyboard in Resources */,
				6F1F9FE01F94FE08006C473E /* Assets.xcassets in Resources */,
				6F6B71911F9E1E6B00B502D7 /* CardView.xib in Resources */,
				6F1F9FDE1F94FE08006C473E /* Main.storyboard in Resources */,
				6FF35CA71F9B237E005CEE68 /* SwissAPIKey.txt in Resources */,
			);
			runOnlyForDeploymentPostprocessing = 0;
		};
		6FA7915A1F97984200D664C4 /* Resources */ = {
			isa = PBXResourcesBuildPhase;
			buildActionMask = 2147483647;
			files = (
			);
			runOnlyForDeploymentPostprocessing = 0;
		};
/* End PBXResourcesBuildPhase section */

/* Begin PBXSourcesBuildPhase section */
		6F14DED21F9A285B006825B3 /* Sources */ = {
			isa = PBXSourcesBuildPhase;
			buildActionMask = 2147483647;
			files = (
				6F14DED91F9A285B006825B3 /* ActionViewController.swift in Sources */,
			);
			runOnlyForDeploymentPostprocessing = 0;
		};
		6F1F9FD11F94FE08006C473E /* Sources */ = {
			isa = PBXSourcesBuildPhase;
			buildActionMask = 2147483647;
			files = (
				6F41712F1F9E2CB600C0E973 /* CardView.swift in Sources */,
				6F1F9FDB1F94FE08006C473E /* ViewController.swift in Sources */,
				6F14DEEB1F9A48A0006825B3 /* PhoneNumbers.swift in Sources */,
				6F70D2AE1F987B930016967D /* Callers.swift in Sources */,
				6F14DEE71F9A2938006825B3 /* APIs.swift in Sources */,
				6F1F9FD91F94FE08006C473E /* AppDelegate.swift in Sources */,
				6F14DEE51F9A291B006825B3 /* APIHandler.swift in Sources */,
				6F8A39FA1FA7497E00A8FB8C /* Hudis.xcdatamodeld in Sources */,
				6F2F1D151FA9EFB600393981 /* SettingsViewController.swift in Sources */,
			);
			runOnlyForDeploymentPostprocessing = 0;
		};
		6FA791581F97984200D664C4 /* Sources */ = {
			isa = PBXSourcesBuildPhase;
			buildActionMask = 2147483647;
			files = (
				6FA7915F1F97984200D664C4 /* CallDirectoryHandler.swift in Sources */,
			);
			runOnlyForDeploymentPostprocessing = 0;
		};
/* End PBXSourcesBuildPhase section */

/* Begin PBXTargetDependency section */
		6F14DEDF1F9A285B006825B3 /* PBXTargetDependency */ = {
			isa = PBXTargetDependency;
			target = 6F14DED51F9A285B006825B3 /* OpenContact */;
			targetProxy = 6F14DEDE1F9A285B006825B3 /* PBXContainerItemProxy */;
		};
		6FA791621F97984200D664C4 /* PBXTargetDependency */ = {
			isa = PBXTargetDependency;
			target = 6FA7915B1F97984200D664C4 /* Directory */;
			targetProxy = 6FA791611F97984200D664C4 /* PBXContainerItemProxy */;
		};
/* End PBXTargetDependency section */

/* Begin PBXVariantGroup section */
		6F14DEDA1F9A285B006825B3 /* MainInterface.storyboard */ = {
			isa = PBXVariantGroup;
			children = (
				6F14DEDB1F9A285B006825B3 /* Base */,
			);
			name = MainInterface.storyboard;
			sourceTree = "<group>";
		};
		6F1F9FDC1F94FE08006C473E /* Main.storyboard */ = {
			isa = PBXVariantGroup;
			children = (
				6F1F9FDD1F94FE08006C473E /* Base */,
			);
			name = Main.storyboard;
			sourceTree = "<group>";
		};
		6F1F9FE11F94FE08006C473E /* LaunchScreen.storyboard */ = {
			isa = PBXVariantGroup;
			children = (
				6F1F9FE21F94FE08006C473E /* Base */,
			);
			name = LaunchScreen.storyboard;
			sourceTree = "<group>";
		};
/* End PBXVariantGroup section */

/* Begin XCBuildConfiguration section */
		6F14DEE21F9A285B006825B3 /* Debug */ = {
			isa = XCBuildConfiguration;
			buildSettings = {
				CODE_SIGN_STYLE = Automatic;
				DEVELOPMENT_TEAM = WJ3MX3Y7U8;
				INFOPLIST_FILE = OpenContact/Info.plist;
				IPHONEOS_DEPLOYMENT_TARGET = 11.0;
				LD_RUNPATH_SEARCH_PATHS = "$(inherited) @executable_path/Frameworks @executable_path/../../Frameworks";
				PRODUCT_BUNDLE_IDENTIFIER = com.lukasBuehler.Hudis.OpenContact;
				PRODUCT_NAME = "$(TARGET_NAME)";
				SKIP_INSTALL = YES;
				SWIFT_VERSION = 4.0;
				TARGETED_DEVICE_FAMILY = "1,2";
			};
			name = Debug;
		};
		6F14DEE31F9A285B006825B3 /* Release */ = {
			isa = XCBuildConfiguration;
			buildSettings = {
				CODE_SIGN_STYLE = Automatic;
				DEVELOPMENT_TEAM = WJ3MX3Y7U8;
				INFOPLIST_FILE = OpenContact/Info.plist;
				IPHONEOS_DEPLOYMENT_TARGET = 11.0;
				LD_RUNPATH_SEARCH_PATHS = "$(inherited) @executable_path/Frameworks @executable_path/../../Frameworks";
				PRODUCT_BUNDLE_IDENTIFIER = com.lukasBuehler.Hudis.OpenContact;
				PRODUCT_NAME = "$(TARGET_NAME)";
				SKIP_INSTALL = YES;
				SWIFT_VERSION = 4.0;
				TARGETED_DEVICE_FAMILY = "1,2";
			};
			name = Release;
		};
		6F1F9FE51F94FE08006C473E /* Debug */ = {
			isa = XCBuildConfiguration;
			buildSettings = {
				ALWAYS_SEARCH_USER_PATHS = NO;
				CLANG_ANALYZER_NONNULL = YES;
				CLANG_ANALYZER_NUMBER_OBJECT_CONVERSION = YES_AGGRESSIVE;
				CLANG_CXX_LANGUAGE_STANDARD = "gnu++14";
				CLANG_CXX_LIBRARY = "libc++";
				CLANG_ENABLE_MODULES = YES;
				CLANG_ENABLE_OBJC_ARC = YES;
				CLANG_WARN_BLOCK_CAPTURE_AUTORELEASING = YES;
				CLANG_WARN_BOOL_CONVERSION = YES;
				CLANG_WARN_COMMA = YES;
				CLANG_WARN_CONSTANT_CONVERSION = YES;
				CLANG_WARN_DIRECT_OBJC_ISA_USAGE = YES_ERROR;
				CLANG_WARN_DOCUMENTATION_COMMENTS = YES;
				CLANG_WARN_EMPTY_BODY = YES;
				CLANG_WARN_ENUM_CONVERSION = YES;
				CLANG_WARN_INFINITE_RECURSION = YES;
				CLANG_WARN_INT_CONVERSION = YES;
				CLANG_WARN_NON_LITERAL_NULL_CONVERSION = YES;
				CLANG_WARN_OBJC_LITERAL_CONVERSION = YES;
				CLANG_WARN_OBJC_ROOT_CLASS = YES_ERROR;
				CLANG_WARN_RANGE_LOOP_ANALYSIS = YES;
				CLANG_WARN_STRICT_PROTOTYPES = YES;
				CLANG_WARN_SUSPICIOUS_MOVE = YES;
				CLANG_WARN_UNGUARDED_AVAILABILITY = YES_AGGRESSIVE;
				CLANG_WARN_UNREACHABLE_CODE = YES;
				CLANG_WARN__DUPLICATE_METHOD_MATCH = YES;
				CODE_SIGN_IDENTITY = "iPhone Developer";
				COPY_PHASE_STRIP = NO;
				DEBUG_INFORMATION_FORMAT = dwarf;
				ENABLE_STRICT_OBJC_MSGSEND = YES;
				ENABLE_TESTABILITY = YES;
				GCC_C_LANGUAGE_STANDARD = gnu11;
				GCC_DYNAMIC_NO_PIC = NO;
				GCC_NO_COMMON_BLOCKS = YES;
				GCC_OPTIMIZATION_LEVEL = 0;
				GCC_PREPROCESSOR_DEFINITIONS = (
					"DEBUG=1",
					"$(inherited)",
				);
				GCC_WARN_64_TO_32_BIT_CONVERSION = YES;
				GCC_WARN_ABOUT_RETURN_TYPE = YES_ERROR;
				GCC_WARN_UNDECLARED_SELECTOR = YES;
				GCC_WARN_UNINITIALIZED_AUTOS = YES_AGGRESSIVE;
				GCC_WARN_UNUSED_FUNCTION = YES;
				GCC_WARN_UNUSED_VARIABLE = YES;
				IPHONEOS_DEPLOYMENT_TARGET = 10.0;
				MTL_ENABLE_DEBUG_INFO = YES;
				ONLY_ACTIVE_ARCH = YES;
				SDKROOT = iphoneos;
				SWIFT_ACTIVE_COMPILATION_CONDITIONS = DEBUG;
				SWIFT_OPTIMIZATION_LEVEL = "-Onone";
			};
			name = Debug;
		};
		6F1F9FE61F94FE08006C473E /* Release */ = {
			isa = XCBuildConfiguration;
			buildSettings = {
				ALWAYS_SEARCH_USER_PATHS = NO;
				CLANG_ANALYZER_NONNULL = YES;
				CLANG_ANALYZER_NUMBER_OBJECT_CONVERSION = YES_AGGRESSIVE;
				CLANG_CXX_LANGUAGE_STANDARD = "gnu++14";
				CLANG_CXX_LIBRARY = "libc++";
				CLANG_ENABLE_MODULES = YES;
				CLANG_ENABLE_OBJC_ARC = YES;
				CLANG_WARN_BLOCK_CAPTURE_AUTORELEASING = YES;
				CLANG_WARN_BOOL_CONVERSION = YES;
				CLANG_WARN_COMMA = YES;
				CLANG_WARN_CONSTANT_CONVERSION = YES;
				CLANG_WARN_DIRECT_OBJC_ISA_USAGE = YES_ERROR;
				CLANG_WARN_DOCUMENTATION_COMMENTS = YES;
				CLANG_WARN_EMPTY_BODY = YES;
				CLANG_WARN_ENUM_CONVERSION = YES;
				CLANG_WARN_INFINITE_RECURSION = YES;
				CLANG_WARN_INT_CONVERSION = YES;
				CLANG_WARN_NON_LITERAL_NULL_CONVERSION = YES;
				CLANG_WARN_OBJC_LITERAL_CONVERSION = YES;
				CLANG_WARN_OBJC_ROOT_CLASS = YES_ERROR;
				CLANG_WARN_RANGE_LOOP_ANALYSIS = YES;
				CLANG_WARN_STRICT_PROTOTYPES = YES;
				CLANG_WARN_SUSPICIOUS_MOVE = YES;
				CLANG_WARN_UNGUARDED_AVAILABILITY = YES_AGGRESSIVE;
				CLANG_WARN_UNREACHABLE_CODE = YES;
				CLANG_WARN__DUPLICATE_METHOD_MATCH = YES;
				CODE_SIGN_IDENTITY = "iPhone Developer";
				COPY_PHASE_STRIP = NO;
				DEBUG_INFORMATION_FORMAT = "dwarf-with-dsym";
				ENABLE_NS_ASSERTIONS = NO;
				ENABLE_STRICT_OBJC_MSGSEND = YES;
				GCC_C_LANGUAGE_STANDARD = gnu11;
				GCC_NO_COMMON_BLOCKS = YES;
				GCC_WARN_64_TO_32_BIT_CONVERSION = YES;
				GCC_WARN_ABOUT_RETURN_TYPE = YES_ERROR;
				GCC_WARN_UNDECLARED_SELECTOR = YES;
				GCC_WARN_UNINITIALIZED_AUTOS = YES_AGGRESSIVE;
				GCC_WARN_UNUSED_FUNCTION = YES;
				GCC_WARN_UNUSED_VARIABLE = YES;
				IPHONEOS_DEPLOYMENT_TARGET = 10.0;
				MTL_ENABLE_DEBUG_INFO = NO;
				SDKROOT = iphoneos;
				SWIFT_OPTIMIZATION_LEVEL = "-Owholemodule";
				VALIDATE_PRODUCT = YES;
			};
			name = Release;
		};
		6F1F9FE81F94FE08006C473E /* Debug */ = {
			isa = XCBuildConfiguration;
			buildSettings = {
				ALWAYS_EMBED_SWIFT_STANDARD_LIBRARIES = YES;
				ASSETCATALOG_COMPILER_APPICON_NAME = AppIcon;
				CODE_SIGN_STYLE = Automatic;
				DEVELOPMENT_TEAM = WJ3MX3Y7U8;
				INFOPLIST_FILE = Hudis/Info.plist;
				IPHONEOS_DEPLOYMENT_TARGET = 10.0;
				LD_RUNPATH_SEARCH_PATHS = "$(inherited) @executable_path/Frameworks";
				PRODUCT_BUNDLE_IDENTIFIER = com.lukasBuehler.Hudis;
				PRODUCT_NAME = "$(TARGET_NAME)";
				SWIFT_VERSION = 4.0;
				TARGETED_DEVICE_FAMILY = "1,2";
			};
			name = Debug;
		};
		6F1F9FE91F94FE08006C473E /* Release */ = {
			isa = XCBuildConfiguration;
			buildSettings = {
				ALWAYS_EMBED_SWIFT_STANDARD_LIBRARIES = YES;
				ASSETCATALOG_COMPILER_APPICON_NAME = AppIcon;
				CODE_SIGN_STYLE = Automatic;
				DEVELOPMENT_TEAM = WJ3MX3Y7U8;
				INFOPLIST_FILE = Hudis/Info.plist;
				IPHONEOS_DEPLOYMENT_TARGET = 10.0;
				LD_RUNPATH_SEARCH_PATHS = "$(inherited) @executable_path/Frameworks";
				PRODUCT_BUNDLE_IDENTIFIER = com.lukasBuehler.Hudis;
				PRODUCT_NAME = "$(TARGET_NAME)";
				SWIFT_VERSION = 4.0;
				TARGETED_DEVICE_FAMILY = "1,2";
			};
			name = Release;
		};
		6FA791641F97984200D664C4 /* Debug */ = {
			isa = XCBuildConfiguration;
			buildSettings = {
				CODE_SIGN_STYLE = Automatic;
				DEVELOPMENT_TEAM = WJ3MX3Y7U8;
				INFOPLIST_FILE = Directory/Info.plist;
				IPHONEOS_DEPLOYMENT_TARGET = 10.0;
				LD_RUNPATH_SEARCH_PATHS = "$(inherited) @executable_path/Frameworks @executable_path/../../Frameworks";
				PRODUCT_BUNDLE_IDENTIFIER = com.lukasBuehler.Hudis.Directory;
				PRODUCT_NAME = "$(TARGET_NAME)";
				SKIP_INSTALL = YES;
				SWIFT_VERSION = 4.0;
				TARGETED_DEVICE_FAMILY = "1,2";
			};
			name = Debug;
		};
		6FA791651F97984200D664C4 /* Release */ = {
			isa = XCBuildConfiguration;
			buildSettings = {
				CODE_SIGN_STYLE = Automatic;
				DEVELOPMENT_TEAM = WJ3MX3Y7U8;
				INFOPLIST_FILE = Directory/Info.plist;
				IPHONEOS_DEPLOYMENT_TARGET = 10.0;
				LD_RUNPATH_SEARCH_PATHS = "$(inherited) @executable_path/Frameworks @executable_path/../../Frameworks";
				PRODUCT_BUNDLE_IDENTIFIER = com.lukasBuehler.Hudis.Directory;
				PRODUCT_NAME = "$(TARGET_NAME)";
				SKIP_INSTALL = YES;
				SWIFT_VERSION = 4.0;
				TARGETED_DEVICE_FAMILY = "1,2";
			};
			name = Release;
		};
/* End XCBuildConfiguration section */

/* Begin XCConfigurationList section */
		6F14DEE11F9A285B006825B3 /* Build configuration list for PBXNativeTarget "OpenContact" */ = {
			isa = XCConfigurationList;
			buildConfigurations = (
				6F14DEE21F9A285B006825B3 /* Debug */,
				6F14DEE31F9A285B006825B3 /* Release */,
			);
			defaultConfigurationIsVisible = 0;
			defaultConfigurationName = Release;
		};
		6F1F9FD01F94FE08006C473E /* Build configuration list for PBXProject "Hudis" */ = {
			isa = XCConfigurationList;
			buildConfigurations = (
				6F1F9FE51F94FE08006C473E /* Debug */,
				6F1F9FE61F94FE08006C473E /* Release */,
			);
			defaultConfigurationIsVisible = 0;
			defaultConfigurationName = Release;
		};
		6F1F9FE71F94FE08006C473E /* Build configuration list for PBXNativeTarget "Hudis" */ = {
			isa = XCConfigurationList;
			buildConfigurations = (
				6F1F9FE81F94FE08006C473E /* Debug */,
				6F1F9FE91F94FE08006C473E /* Release */,
			);
			defaultConfigurationIsVisible = 0;
			defaultConfigurationName = Release;
		};
		6FA791661F97984200D664C4 /* Build configuration list for PBXNativeTarget "Directory" */ = {
			isa = XCConfigurationList;
			buildConfigurations = (
				6FA791641F97984200D664C4 /* Debug */,
				6FA791651F97984200D664C4 /* Release */,
			);
			defaultConfigurationIsVisible = 0;
			defaultConfigurationName = Release;
		};
/* End XCConfigurationList section */

/* Begin XCVersionGroup section */
		6F8A39F81FA7497E00A8FB8C /* Hudis.xcdatamodeld */ = {
			isa = XCVersionGroup;
			children = (
				6F8A39F91FA7497E00A8FB8C /* Hudis.xcdatamodel */,
			);
			currentVersion = 6F8A39F91FA7497E00A8FB8C /* Hudis.xcdatamodel */;
			path = Hudis.xcdatamodeld;
			sourceTree = "<group>";
			versionGroupType = wrapper.xcdatamodel;
		};
/* End XCVersionGroup section */
	};
	rootObject = 6F1F9FCD1F94FE08006C473E /* Project object */;
}
